{
  "name": "epcvina",
  "version": "1.0.0",
  "lockfileVersion": 3,
  "requires": true,
  "packages": {
    "": {
      "name": "epcvina",
      "version": "1.0.0",
      "dependencies": {
        "@astrojs/sitemap": "^3.7.3"
      },
      "engines": {
        "node": ">=22.12.0"
      }
    },
    "node_modules/@astrojs/sitemap": {
      "version": "3.7.3",
      "resolved": "https://registry.npmjs.org/@astrojs/sitemap/-/sitemap-3.7.3.tgz",
      "integrity": "sha512-f8euLVsyeAmAkSm/1M2Kb8sL8byQmfgbvBNaHFItCheTj/IpiJYSEWVcqDHZ/yEHxiS7+w87mQkzwZaPHmk5GA==",
      "license": "MIT",
      "dependencies": {
        "sitemap": "^9.0.0",
        "stream-replace-string": "^2.0.0",
        "zod": "^4.3.6"
      }
    },
    "node_modules/@types/node": {
      "version": "24.13.2",
      "resolved": "https://registry.npmjs.org/@types/node/-/node-24.13.2.tgz",
      "integrity": "sha512-fRa09kZTgu8o71KFcDjUFuc7F+dEbZYZmkI0mg5YBTRs0yMKjYHsq/c0urDKeDb+D5qVgXOdFcuu+DZPKOITwA==",
      "license": "MIT",
      "dependencies": {
        "undici-types": "~7.18.0"
      }
    },
    "node_modules/@types/sax": {
      "version": "1.2.7",
      "resolved": "https://registry.npmjs.org/@types/sax/-/sax-1.2.7.tgz",
      "integrity": "sha512-rO73L89PJxeYM3s3pPPjiPgVVcymqU490g0YO5n5By0k2Erzj6tay/4lr1CHAAU4JyOWd1rpQ8bCf6cZfHU96A==",
      "license": "MIT",
      "dependencies": {
        "@types/node": "*"
      }
    },
    "node_modules/arg": {
      "version": "5.0.2",
      "resolved": "https://registry.npmjs.org/arg/-/arg-5.0.2.tgz",
      "integrity": "sha512-PYjyFOLKQ9y57JvQ6QLo8dAgNqswh8M1RMJYdQduT6xbWSgK36P/Z/v+p888pM69jMMfS8Xd8F6I1kQ/I9HUGg==",
      "license": "MIT"
    },
    "node_modules/sax": {
      "version": "1.6.0",
      "resolved": "https://registry.npmjs.org/sax/-/sax-1.6.0.tgz",
      "integrity": "sha512-6R3J5M4AcbtLUdZmRv2SygeVaM7IhrLXu9BmnOGmmACak8fiUtOsYNWUS4uK7upbmHIBbLBeFeI//477BKLBzA==",
      "license": "BlueOak-1.0.0",
      "engines": {
        "node": ">=11.0.0"
      }
    },
    "node_modules/sitemap": {
      "version": "9.0.1",
      "resolved": "https://registry.npmjs.org/sitemap/-/sitemap-9.0.1.tgz",
      "integrity": "sha512-S6hzjGJSG3d6if0YoF5kTyeRJvia6FSTBroE5fQ0bu1QNxyJqhhinfUsXi9fH3MgtXODWvwo2BDyQSnhPQ88uQ==",
      "license": "MIT",
      "dependencies": {
        "@types/node": "^24.9.2",
        "@types/sax": "^1.2.1",
        "arg": "^5.0.0",
        "sax": "^1.4.1"
      },
      "bin": {
        "sitemap": "dist/esm/cli.js"
      },
      "engines": {
        "node": ">=20.19.5",
        "npm": ">=10.8.2"
      }
    },
    "node_modules/stream-replace-string": {
      "version": "2.0.0",
      "resolved": "https://registry.npmjs.org/stream-replace-string/-/stream-replace-string-2.0.0.tgz",
      "integrity": "sha512-TlnjJ1C0QrmxRNrON00JvaFFlNh5TTG00APw23j74ET7gkQpTASi6/L2fuiav8pzK715HXtUeClpBTw2NPSn6w==",
      "license": "MIT"
    },
    "node_modules/undici-types": {
      "version": "7.18.2",
      "resolved": "https://registry.npmjs.org/undici-types/-/undici-types-7.18.2.tgz",
      "integrity": "sha512-AsuCzffGHJybSaRrmr5eHr81mwJU3kjw6M+uprWvCXiNeN9SOGwQ3Jn8jb8m3Z6izVgknn1R0FTCEAP2QrLY/w==",
      "license": "MIT"
    },
    "node_modules/zod": {
      "version": "4.4.3",
      "resolved": "https://registry.npmjs.org/zod/-/zod-4.4.3.tgz",
      "integrity": "sha512-ytENFjIJFl2UwYglde2jchW2Hwm4GJFLDiSXWdTrJQBIN9Fcyp7n4DhxJEiWNAJMV1/BqWfW/kkg71UDcHJyTQ==",
      "license": "MIT",
      "funding": {
        "url": "https://github.com/sponsors/colinhacks"
      }
    }
  }
}
